
Microsoft Visual Studio Solution File, Format Version 12.00
# Visual Studio 14
VisualStudioVersion = 14.0.25420.1
MinimumVisualStudioVersion = 10.0.40219.1
Project("{FAE04EC0-301F-11D3-BF4B-00C04F79EFBC}") = "DbSchemeCheck", "DbSchemeCheck\DbSchemeCheck.csproj", "{DA831D1C-4F85-48AA-ACC6-2201747A1813}"
EndProject
Global
	GlobalSection(SolutionConfigurationPlatforms) = preSolution
		Debug|Any CPU = Debug|Any CPU
		Release|Any CPU = Release|Any CPU
	EndGlobalSection
	GlobalSection(ProjectConfigurationPlatforms) = postSolution
		{DA831D1C-4F85-48AA-ACC6-2201747A1813}.Debug|Any CPU.ActiveCfg = Debug|Any CPU
		{DA831D1C-4F85-48AA-ACC6-2201747A1813}.Debug|Any CPU.Build.0 = Debug|Any CPU
		{DA831D1C-4F85-48AA-ACC6-2201747A1813}.Release|Any CPU.ActiveCfg = Release|Any CPU
		{DA831D1C-4F85-48AA-ACC6-2201747A1813}.Release|Any CPU.Build.0 = Release|Any CPU
	EndGlobalSection
	GlobalSection(SolutionProperties) = preSolution
		HideSolutionNode = FALSE
	EndGlobalSection
EndGlobal
